
Microsoft Visual Studio Solution File, Format Version 12.00
Project("{FAE04EC0-301F-11D3-BF4B-00C04F79EFBC}") = "DeliveryDrone", "DeliveryDrone\DeliveryDrone.csproj", "{61A5043A-4EF2-48E2-AFF3-FA2D62385E01}"
EndProject
Project("{FAE04EC0-301F-11D3-BF4B-00C04F79EFBC}") = "TestDeliveryDrone", "TestDeliveryDrone\TestDeliveryDrone.csproj", "{9C03B133-EFE1-4B00-A280-68F30A5AB6EA}"
EndProject
Global
	GlobalSection(SolutionConfigurationPlatforms) = preSolution
		Debug|Any CPU = Debug|Any CPU
		Release|Any CPU = Release|Any CPU
	EndGlobalSection
	GlobalSection(ProjectConfigurationPlatforms) = postSolution
		{61A5043A-4EF2-48E2-AFF3-FA2D62385E01}.Debug|Any CPU.ActiveCfg = Debug|Any CPU
		{61A5043A-4EF2-48E2-AFF3-FA2D62385E01}.Debug|Any CPU.Build.0 = Debug|Any CPU
		{61A5043A-4EF2-48E2-AFF3-FA2D62385E01}.Release|Any CPU.ActiveCfg = Release|Any CPU
		{61A5043A-4EF2-48E2-AFF3-FA2D62385E01}.Release|Any CPU.Build.0 = Release|Any CPU
		{9C03B133-EFE1-4B00-A280-68F30A5AB6EA}.Debug|Any CPU.ActiveCfg = Debug|Any CPU
		{9C03B133-EFE1-4B00-A280-68F30A5AB6EA}.Debug|Any CPU.Build.0 = Debug|Any CPU
		{9C03B133-EFE1-4B00-A280-68F30A5AB6EA}.Release|Any CPU.ActiveCfg = Release|Any CPU
		{9C03B133-EFE1-4B00-A280-68F30A5AB6EA}.Release|Any CPU.Build.0 = Release|Any CPU
	EndGlobalSection
EndGlobal
